
Microsoft Visual Studio Solution File, Format Version 12.00
# Visual Studio 15
VisualStudioVersion = 15.0.27004.2005
MinimumVisualStudioVersion = 10.0.40219.1
Project("{FAE04EC0-301F-11D3-BF4B-00C04F79EFBC}") = "CompacctDiagraph.Android", "CompacctDiagraph\CompacctDiagraph.Android\CompacctDiagraph.Android.csproj", "{BA9DFCC5-B48A-431E-B4BD-987400225760}"
EndProject
Project("{FAE04EC0-301F-11D3-BF4B-00C04F79EFBC}") = "CompacctDiagraph", "CompacctDiagraph\CompacctDiagraph\CompacctDiagraph.csproj", "{EF671099-E7A7-4976-9019-8784750A3C29}"
EndProject
Project("{FAE04EC0-301F-11D3-BF4B-00C04F79EFBC}") = "CompacctDiagraph.UWP", "CompacctDiagraph\CompacctDiagraph.UWP\CompacctDiagraph.UWP.csproj", "{147F646B-FCDA-4075-8636-D0D7DACEC7EF}"
EndProject
Project("{FAE04EC0-301F-11D3-BF4B-00C04F79EFBC}") = "CompacctDiagraph.iOS", "CompacctDiagraph\CompacctDiagraph.iOS\CompacctDiagraph.iOS.csproj", "{A2A8108C-26D0-4887-A975-816138D9E6CD}"
EndProject
Global
	GlobalSection(SolutionConfigurationPlatforms) = preSolution
		Ad-Hoc|Any CPU = Ad-Hoc|Any CPU
		Ad-Hoc|ARM = Ad-Hoc|ARM
		Ad-Hoc|iPhone = Ad-Hoc|iPhone
		Ad-Hoc|iPhoneSimulator = Ad-Hoc|iPhoneSimulator
		Ad-Hoc|x64 = Ad-Hoc|x64
		Ad-Hoc|x86 = Ad-Hoc|x86
		AppStore|Any CPU = AppStore|Any CPU
		AppStore|ARM = AppStore|ARM
		AppStore|iPhone = AppStore|iPhone
		AppStore|iPhoneSimulator = AppStore|iPhoneSimulator
		AppStore|x64 = AppStore|x64
		AppStore|x86 = AppStore|x86
		Debug|Any CPU = Debug|Any CPU
		Debug|ARM = Debug|ARM
		Debug|iPhone = Debug|iPhone
		Debug|iPhoneSimulator = Debug|iPhoneSimulator
		Debug|x64 = Debug|x64
		Debug|x86 = Debug|x86
		Release|Any CPU = Release|Any CPU
		Release|ARM = Release|ARM
		Release|iPhone = Release|iPhone
		Release|iPhoneSimulator = Release|iPhoneSimulator
		Release|x64 = Release|x64
		Release|x86 = Release|x86
	EndGlobalSection
	GlobalSection(ProjectConfigurationPlatforms) = postSolution
		{BA9DFCC5-B48A-431E-B4BD-987400225760}.Ad-Hoc|Any CPU.ActiveCfg = Release|Any CPU
		{BA9DFCC5-B48A-431E-B4BD-987400225760}.Ad-Hoc|Any CPU.Build.0 = Release|Any CPU
		{BA9DFCC5-B48A-431E-B4BD-987400225760}.Ad-Hoc|Any CPU.Deploy.0 = Release|Any CPU
		{BA9DFCC5-B48A-431E-B4BD-987400225760}.Ad-Hoc|ARM.ActiveCfg = Release|Any CPU
		{BA9DFCC5-B48A-431E-B4BD-987400225760}.Ad-Hoc|ARM.Build.0 = Release|Any CPU
		{BA9DFCC5-B48A-431E-B4BD-987400225760}.Ad-Hoc|ARM.Deploy.0 = Release|Any CPU
		{BA9DFCC5-B48A-431E-B4BD-987400225760}.Ad-Hoc|iPhone.ActiveCfg = Release|Any CPU
		{BA9DFCC5-B48A-431E-B4BD-987400225760}.Ad-Hoc|iPhone.Build.0 = Release|Any CPU
		{BA9DFCC5-B48A-431E-B4BD-987400225760}.Ad-Hoc|iPhone.Deploy.0 = Release|Any CPU
		{BA9DFCC5-B48A-431E-B4BD-987400225760}.Ad-Hoc|iPhoneSimulator.ActiveCfg = Release|Any CPU
		{BA9DFCC5-B48A-431E-B4BD-987400225760}.Ad-Hoc|iPhoneSimulator.Build.0 = Release|Any CPU
		{BA9DFCC5-B48A-431E-B4BD-987400225760}.Ad-Hoc|iPhoneSimulator.Deploy.0 = Release|Any CPU
		{BA9DFCC5-B48A-431E-B4BD-987400225760}.Ad-Hoc|x64.ActiveCfg = Release|Any CPU
		{BA9DFCC5-B48A-431E-B4BD-987400225760}.Ad-Hoc|x64.Build.0 = Release|Any CPU
		{BA9DFCC5-B48A-431E-B4BD-987400225760}.Ad-Hoc|x64.Deploy.0 = Release|Any CPU
		{BA9DFCC5-B48A-431E-B4BD-987400225760}.Ad-Hoc|x86.ActiveCfg = Release|Any CPU
		{BA9DFCC5-B48A-431E-B4BD-987400225760}.Ad-Hoc|x86.Build.0 = Release|Any CPU
		{BA9DFCC5-B48A-431E-B4BD-987400225760}.Ad-Hoc|x86.Deploy.0 = Release|Any CPU
		{BA9DFCC5-B48A-431E-B4BD-987400225760}.AppStore|Any CPU.ActiveCfg = Release|Any CPU
		{BA9DFCC5-B48A-431E-B4BD-987400225760}.AppStore|Any CPU.Build.0 = Release|Any CPU
		{BA9DFCC5-B48A-431E-B4BD-987400225760}.AppStore|Any CPU.Deploy.0 = Release|Any CPU
		{BA9DFCC5-B48A-431E-B4BD-987400225760}.AppStore|ARM.ActiveCfg = Release|Any CPU
		{BA9DFCC5-B48A-431E-B4BD-987400225760}.AppStore|ARM.Build.0 = Release|Any CPU
		{BA9DFCC5-B48A-431E-B4BD-987400225760}.AppStore|ARM.Deploy.0 = Release|Any CPU
		{BA9DFCC5-B48A-431E-B4BD-987400225760}.AppStore|iPhone.ActiveCfg = Release|Any CPU
		{BA9DFCC5-B48A-431E-B4BD-987400225760}.AppStore|iPhone.Build.0 = Release|Any CPU
		{BA9DFCC5-B48A-431E-B4BD-987400225760}.AppStore|iPhone.Deploy.0 = Release|Any CPU
		{BA9DFCC5-B48A-431E-B4BD-987400225760}.AppStore|iPhoneSimulator.ActiveCfg = Release|Any CPU
		{BA9DFCC5-B48A-431E-B4BD-987400225760}.AppStore|iPhoneSimulator.Build.0 = Release|Any CPU
		{BA9DFCC5-B48A-431E-B4BD-987400225760}.AppStore|iPhoneSimulator.Deploy.0 = Release|Any CPU
		{BA9DFCC5-B48A-431E-B4BD-987400225760}.AppStore|x64.ActiveCfg = Release|Any CPU
		{BA9DFCC5-B48A-431E-B4BD-987400225760}.AppStore|x64.Build.0 = Release|Any CPU
		{BA9DFCC5-B48A-431E-B4BD-987400225760}.AppStore|x64.Deploy.0 = Release|Any CPU
		{BA9DFCC5-B48A-431E-B4BD-987400225760}.AppStore|x86.ActiveCfg = Release|Any CPU
		{BA9DFCC5-B48A-431E-B4BD-987400225760}.AppStore|x86.Build.0 = Release|Any CPU
		{BA9DFCC5-B48A-431E-B4BD-987400225760}.AppStore|x86.Deploy.0 = Release|Any CPU
		{BA9DFCC5-B48A-431E-B4BD-987400225760}.Debug|Any CPU.ActiveCfg = Debug|Any CPU
		{BA9DFCC5-B48A-431E-B4BD-987400225760}.Debug|Any CPU.Build.0 = Debug|Any CPU
		{BA9DFCC5-B48A-431E-B4BD-987400225760}.Debug|Any CPU.Deploy.0 = Debug|Any CPU
		{BA9DFCC5-B48A-431E-B4BD-987400225760}.Debug|ARM.ActiveCfg = Debug|Any CPU
		{BA9DFCC5-B48A-431E-B4BD-987400225760}.Debug|ARM.Build.0 = Debug|Any CPU
		{BA9DFCC5-B48A-431E-B4BD-987400225760}.Debug|ARM.Deploy.0 = Debug|Any CPU
		{BA9DFCC5-B48A-431E-B4BD-987400225760}.Debug|iPhone.ActiveCfg = Debug|Any CPU
		{BA9DFCC5-B48A-431E-B4BD-987400225760}.Debug|iPhone.Build.0 = Debug|Any CPU
		{BA9DFCC5-B48A-431E-B4BD-987400225760}.Debug|iPhone.Deploy.0 = Debug|Any CPU
		{BA9DFCC5-B48A-431E-B4BD-987400225760}.Debug|iPhoneSimulator.ActiveCfg = Debug|Any CPU
		{BA9DFCC5-B48A-431E-B4BD-987400225760}.Debug|iPhoneSimulator.Build.0 = Debug|Any CPU
		{BA9DFCC5-B48A-431E-B4BD-987400225760}.Debug|iPhoneSimulator.Deploy.0 = Debug|Any CPU
		{BA9DFCC5-B48A-431E-B4BD-987400225760}.Debug|x64.ActiveCfg = Debug|Any CPU
		{BA9DFCC5-B48A-431E-B4BD-987400225760}.Debug|x64.Build.0 = Debug|Any CPU
		{BA9DFCC5-B48A-431E-B4BD-987400225760}.Debug|x64.Deploy.0 = Debug|Any CPU
		{BA9DFCC5-B48A-431E-B4BD-987400225760}.Debug|x86.ActiveCfg = Debug|Any CPU
		{BA9DFCC5-B48A-431E-B4BD-987400225760}.Debug|x86.Build.0 = Debug|Any CPU
		{BA9DFCC5-B48A-431E-B4BD-987400225760}.Debug|x86.Deploy.0 = Debug|Any CPU
		{BA9DFCC5-B48A-431E-B4BD-987400225760}.Release|Any CPU.ActiveCfg = Release|Any CPU
		{BA9DFCC5-B48A-431E-B4BD-987400225760}.Release|Any CPU.Build.0 = Release|Any CPU
		{BA9DFCC5-B48A-431E-B4BD-987400225760}.Release|Any CPU.Deploy.0 = Release|Any CPU
		{BA9DFCC5-B48A-431E-B4BD-987400225760}.Release|ARM.ActiveCfg = Release|Any CPU
		{BA9DFCC5-B48A-431E-B4BD-987400225760}.Release|ARM.Build.0 = Release|Any CPU
		{BA9DFCC5-B48A-431E-B4BD-987400225760}.Release|ARM.Deploy.0 = Release|Any CPU
		{BA9DFCC5-B48A-431E-B4BD-987400225760}.Release|iPhone.ActiveCfg = Release|Any CPU
		{BA9DFCC5-B48A-431E-B4BD-987400225760}.Release|iPhone.Build.0 = Release|Any CPU
		{BA9DFCC5-B48A-431E-B4BD-987400225760}.Release|iPhone.Deploy.0 = Release|Any CPU
		{BA9DFCC5-B48A-431E-B4BD-987400225760}.Release|iPhoneSimulator.ActiveCfg = Release|Any CPU
		{BA9DFCC5-B48A-431E-B4BD-987400225760}.Release|iPhoneSimulator.Build.0 = Release|Any CPU
		{BA9DFCC5-B48A-431E-B4BD-987400225760}.Release|iPhoneSimulator.Deploy.0 = Release|Any CPU
		{BA9DFCC5-B48A-431E-B4BD-987400225760}.Release|x64.ActiveCfg = Release|Any CPU
		{BA9DFCC5-B48A-431E-B4BD-987400225760}.Release|x64.Build.0 = Release|Any CPU
		{BA9DFCC5-B48A-431E-B4BD-987400225760}.Release|x64.Deploy.0 = Release|Any CPU
		{BA9DFCC5-B48A-431E-B4BD-987400225760}.Release|x86.ActiveCfg = Release|Any CPU
		{BA9DFCC5-B48A-431E-B4BD-987400225760}.Release|x86.Build.0 = Release|Any CPU
		{BA9DFCC5-B48A-431E-B4BD-987400225760}.Release|x86.Deploy.0 = Release|Any CPU
		{EF671099-E7A7-4976-9019-8784750A3C29}.Ad-Hoc|Any CPU.ActiveCfg = Release|Any CPU
		{EF671099-E7A7-4976-9019-8784750A3C29}.Ad-Hoc|Any CPU.Build.0 = Release|Any CPU
		{EF671099-E7A7-4976-9019-8784750A3C29}.Ad-Hoc|ARM.ActiveCfg = Release|Any CPU
		{EF671099-E7A7-4976-9019-8784750A3C29}.Ad-Hoc|ARM.Build.0 = Release|Any CPU
		{EF671099-E7A7-4976-9019-8784750A3C29}.Ad-Hoc|iPhone.ActiveCfg = Release|Any CPU
		{EF671099-E7A7-4976-9019-8784750A3C29}.Ad-Hoc|iPhone.Build.0 = Release|Any CPU
		{EF671099-E7A7-4976-9019-8784750A3C29}.Ad-Hoc|iPhoneSimulator.ActiveCfg = Release|Any CPU
		{EF671099-E7A7-4976-9019-8784750A3C29}.Ad-Hoc|iPhoneSimulator.Build.0 = Release|Any CPU
		{EF671099-E7A7-4976-9019-8784750A3C29}.Ad-Hoc|x64.ActiveCfg = Release|Any CPU
		{EF671099-E7A7-4976-9019-8784750A3C29}.Ad-Hoc|x64.Build.0 = Release|Any CPU
		{EF671099-E7A7-4976-9019-8784750A3C29}.Ad-Hoc|x86.ActiveCfg = Release|Any CPU
		{EF671099-E7A7-4976-9019-8784750A3C29}.Ad-Hoc|x86.Build.0 = Release|Any CPU
		{EF671099-E7A7-4976-9019-8784750A3C29}.AppStore|Any CPU.ActiveCfg = Release|Any CPU
		{EF671099-E7A7-4976-9019-8784750A3C29}.AppStore|Any CPU.Build.0 = Release|Any CPU
		{EF671099-E7A7-4976-9019-8784750A3C29}.AppStore|ARM.ActiveCfg = Release|Any CPU
		{EF671099-E7A7-4976-9019-8784750A3C29}.AppStore|ARM.Build.0 = Release|Any CPU
		{EF671099-E7A7-4976-9019-8784750A3C29}.AppStore|iPhone.ActiveCfg = Release|Any CPU
		{EF671099-E7A7-4976-9019-8784750A3C29}.AppStore|iPhone.Build.0 = Release|Any CPU
		{EF671099-E7A7-4976-9019-8784750A3C29}.AppStore|iPhoneSimulator.ActiveCfg = Release|Any CPU
		{EF671099-E7A7-4976-9019-8784750A3C29}.AppStore|iPhoneSimulator.Build.0 = Release|Any CPU
		{EF671099-E7A7-4976-9019-8784750A3C29}.AppStore|x64.ActiveCfg = Release|Any CPU
		{EF671099-E7A7-4976-9019-8784750A3C29}.AppStore|x64.Build.0 = Release|Any CPU
		{EF671099-E7A7-4976-9019-8784750A3C29}.AppStore|x86.ActiveCfg = Release|Any CPU
		{EF671099-E7A7-4976-9019-8784750A3C29}.AppStore|x86.Build.0 = Release|Any CPU
		{EF671099-E7A7-4976-9019-8784750A3C29}.Debug|Any CPU.ActiveCfg = Debug|Any CPU
		{EF671099-E7A7-4976-9019-8784750A3C29}.Debug|Any CPU.Build.0 = Debug|Any CPU
		{EF671099-E7A7-4976-9019-8784750A3C29}.Debug|ARM.ActiveCfg = Debug|Any CPU
		{EF671099-E7A7-4976-9019-8784750A3C29}.Debug|ARM.Build.0 = Debug|Any CPU
		{EF671099-E7A7-4976-9019-8784750A3C29}.Debug|iPhone.ActiveCfg = Debug|Any CPU
		{EF671099-E7A7-4976-9019-8784750A3C29}.Debug|iPhone.Build.0 = Debug|Any CPU
		{EF671099-E7A7-4976-9019-8784750A3C29}.Debug|iPhoneSimulator.ActiveCfg = Debug|Any CPU
		{EF671099-E7A7-4976-9019-8784750A3C29}.Debug|iPhoneSimulator.Build.0 = Debug|Any CPU
		{EF671099-E7A7-4976-9019-8784750A3C29}.Debug|x64.ActiveCfg = Debug|Any CPU
		{EF671099-E7A7-4976-9019-8784750A3C29}.Debug|x64.Build.0 = Debug|Any CPU
		{EF671099-E7A7-4976-9019-8784750A3C29}.Debug|x86.ActiveCfg = Debug|Any CPU
		{EF671099-E7A7-4976-9019-8784750A3C29}.Debug|x86.Build.0 = Debug|Any CPU
		{EF671099-E7A7-4976-9019-8784750A3C29}.Release|Any CPU.ActiveCfg = Release|Any CPU
		{EF671099-E7A7-4976-9019-8784750A3C29}.Release|Any CPU.Build.0 = Release|Any CPU
		{EF671099-E7A7-4976-9019-8784750A3C29}.Release|ARM.ActiveCfg = Release|Any CPU
		{EF671099-E7A7-4976-9019-8784750A3C29}.Release|ARM.Build.0 = Release|Any CPU
		{EF671099-E7A7-4976-9019-8784750A3C29}.Release|iPhone.ActiveCfg = Release|Any CPU
		{EF671099-E7A7-4976-9019-8784750A3C29}.Release|iPhone.Build.0 = Release|Any CPU
		{EF671099-E7A7-4976-9019-8784750A3C29}.Release|iPhoneSimulator.ActiveCfg = Release|Any CPU
		{EF671099-E7A7-4976-9019-8784750A3C29}.Release|iPhoneSimulator.Build.0 = Release|Any CPU
		{EF671099-E7A7-4976-9019-8784750A3C29}.Release|x64.ActiveCfg = Release|Any CPU
		{EF671099-E7A7-4976-9019-8784750A3C29}.Release|x64.Build.0 = Release|Any CPU
		{EF671099-E7A7-4976-9019-8784750A3C29}.Release|x86.ActiveCfg = Release|Any CPU
		{EF671099-E7A7-4976-9019-8784750A3C29}.Release|x86.Build.0 = Release|Any CPU
		{147F646B-FCDA-4075-8636-D0D7DACEC7EF}.Ad-Hoc|Any CPU.ActiveCfg = Release|x86
		{147F646B-FCDA-4075-8636-D0D7DACEC7EF}.Ad-Hoc|Any CPU.Build.0 = Release|x86
		{147F646B-FCDA-4075-8636-D0D7DACEC7EF}.Ad-Hoc|Any CPU.Deploy.0 = Release|x86
		{147F646B-FCDA-4075-8636-D0D7DACEC7EF}.Ad-Hoc|ARM.ActiveCfg = Release|ARM
		{147F646B-FCDA-4075-8636-D0D7DACEC7EF}.Ad-Hoc|ARM.Build.0 = Release|ARM
		{147F646B-FCDA-4075-8636-D0D7DACEC7EF}.Ad-Hoc|ARM.Deploy.0 = Release|ARM
		{147F646B-FCDA-4075-8636-D0D7DACEC7EF}.Ad-Hoc|iPhone.ActiveCfg = Release|x86
		{147F646B-FCDA-4075-8636-D0D7DACEC7EF}.Ad-Hoc|iPhone.Build.0 = Release|x86
		{147F646B-FCDA-4075-8636-D0D7DACEC7EF}.Ad-Hoc|iPhone.Deploy.0 = Release|x86
		{147F646B-FCDA-4075-8636-D0D7DACEC7EF}.Ad-Hoc|iPhoneSimulator.ActiveCfg = Release|x86
		{147F646B-FCDA-4075-8636-D0D7DACEC7EF}.Ad-Hoc|iPhoneSimulator.Build.0 = Release|x86
		{147F646B-FCDA-4075-8636-D0D7DACEC7EF}.Ad-Hoc|iPhoneSimulator.Deploy.0 = Release|x86
		{147F646B-FCDA-4075-8636-D0D7DACEC7EF}.Ad-Hoc|x64.ActiveCfg = Release|x64
		{147F646B-FCDA-4075-8636-D0D7DACEC7EF}.Ad-Hoc|x64.Build.0 = Release|x64
		{147F646B-FCDA-4075-8636-D0D7DACEC7EF}.Ad-Hoc|x64.Deploy.0 = Release|x64
		{147F646B-FCDA-4075-8636-D0D7DACEC7EF}.Ad-Hoc|x86.ActiveCfg = Release|x86
		{147F646B-FCDA-4075-8636-D0D7DACEC7EF}.Ad-Hoc|x86.Build.0 = Release|x86
		{147F646B-FCDA-4075-8636-D0D7DACEC7EF}.Ad-Hoc|x86.Deploy.0 = Release|x86
		{147F646B-FCDA-4075-8636-D0D7DACEC7EF}.AppStore|Any CPU.ActiveCfg = Release|x86
		{147F646B-FCDA-4075-8636-D0D7DACEC7EF}.AppStore|Any CPU.Build.0 = Release|x86
		{147F646B-FCDA-4075-8636-D0D7DACEC7EF}.AppStore|Any CPU.Deploy.0 = Release|x86
		{147F646B-FCDA-4075-8636-D0D7DACEC7EF}.AppStore|ARM.ActiveCfg = Release|ARM
		{147F646B-FCDA-4075-8636-D0D7DACEC7EF}.AppStore|ARM.Build.0 = Release|ARM
		{147F646B-FCDA-4075-8636-D0D7DACEC7EF}.AppStore|ARM.Deploy.0 = Release|ARM
		{147F646B-FCDA-4075-8636-D0D7DACEC7EF}.AppStore|iPhone.ActiveCfg = Release|x86
		{147F646B-FCDA-4075-8636-D0D7DACEC7EF}.AppStore|iPhone.Build.0 = Release|x86
		{147F646B-FCDA-4075-8636-D0D7DACEC7EF}.AppStore|iPhone.Deploy.0 = Release|x86
		{147F646B-FCDA-4075-8636-D0D7DACEC7EF}.AppStore|iPhoneSimulator.ActiveCfg = Release|x86
		{147F646B-FCDA-4075-8636-D0D7DACEC7EF}.AppStore|iPhoneSimulator.Build.0 = Release|x86
		{147F646B-FCDA-4075-8636-D0D7DACEC7EF}.AppStore|iPhoneSimulator.Deploy.0 = Release|x86
		{147F646B-FCDA-4075-8636-D0D7DACEC7EF}.AppStore|x64.ActiveCfg = Release|x64
		{147F646B-FCDA-4075-8636-D0D7DACEC7EF}.AppStore|x64.Build.0 = Release|x64
		{147F646B-FCDA-4075-8636-D0D7DACEC7EF}.AppStore|x64.Deploy.0 = Release|x64
		{147F646B-FCDA-4075-8636-D0D7DACEC7EF}.AppStore|x86.ActiveCfg = Release|x86
		{147F646B-FCDA-4075-8636-D0D7DACEC7EF}.AppStore|x86.Build.0 = Release|x86
		{147F646B-FCDA-4075-8636-D0D7DACEC7EF}.AppStore|x86.Deploy.0 = Release|x86
		{147F646B-FCDA-4075-8636-D0D7DACEC7EF}.Debug|Any CPU.ActiveCfg = Debug|x86
		{147F646B-FCDA-4075-8636-D0D7DACEC7EF}.Debug|ARM.ActiveCfg = Debug|ARM
		{147F646B-FCDA-4075-8636-D0D7DACEC7EF}.Debug|ARM.Build.0 = Debug|ARM
		{147F646B-FCDA-4075-8636-D0D7DACEC7EF}.Debug|ARM.Deploy.0 = Debug|ARM
		{147F646B-FCDA-4075-8636-D0D7DACEC7EF}.Debug|iPhone.ActiveCfg = Debug|x86
		{147F646B-FCDA-4075-8636-D0D7DACEC7EF}.Debug|iPhoneSimulator.ActiveCfg = Debug|x86
		{147F646B-FCDA-4075-8636-D0D7DACEC7EF}.Debug|x64.ActiveCfg = Debug|x64
		{147F646B-FCDA-4075-8636-D0D7DACEC7EF}.Debug|x64.Build.0 = Debug|x64
		{147F646B-FCDA-4075-8636-D0D7DACEC7EF}.Debug|x64.Deploy.0 = Debug|x64
		{147F646B-FCDA-4075-8636-D0D7DACEC7EF}.Debug|x86.ActiveCfg = Debug|x86
		{147F646B-FCDA-4075-8636-D0D7DACEC7EF}.Debug|x86.Build.0 = Debug|x86
		{147F646B-FCDA-4075-8636-D0D7DACEC7EF}.Debug|x86.Deploy.0 = Debug|x86
		{147F646B-FCDA-4075-8636-D0D7DACEC7EF}.Release|Any CPU.ActiveCfg = Release|x86
		{147F646B-FCDA-4075-8636-D0D7DACEC7EF}.Release|ARM.ActiveCfg = Release|ARM
		{147F646B-FCDA-4075-8636-D0D7DACEC7EF}.Release|ARM.Build.0 = Release|ARM
		{147F646B-FCDA-4075-8636-D0D7DACEC7EF}.Release|ARM.Deploy.0 = Release|ARM
		{147F646B-FCDA-4075-8636-D0D7DACEC7EF}.Release|iPhone.ActiveCfg = Release|x86
		{147F646B-FCDA-4075-8636-D0D7DACEC7EF}.Release|iPhoneSimulator.ActiveCfg = Release|x86
		{147F646B-FCDA-4075-8636-D0D7DACEC7EF}.Release|x64.ActiveCfg = Release|x64
		{147F646B-FCDA-4075-8636-D0D7DACEC7EF}.Release|x64.Build.0 = Release|x64
		{147F646B-FCDA-4075-8636-D0D7DACEC7EF}.Release|x64.Deploy.0 = Release|x64
		{147F646B-FCDA-4075-8636-D0D7DACEC7EF}.Release|x86.ActiveCfg = Release|x86
		{147F646B-FCDA-4075-8636-D0D7DACEC7EF}.Release|x86.Build.0 = Release|x86
		{147F646B-FCDA-4075-8636-D0D7DACEC7EF}.Release|x86.Deploy.0 = Release|x86
		{A2A8108C-26D0-4887-A975-816138D9E6CD}.Ad-Hoc|Any CPU.ActiveCfg = Ad-Hoc|iPhoneSimulator
		{A2A8108C-26D0-4887-A975-816138D9E6CD}.Ad-Hoc|ARM.ActiveCfg = Ad-Hoc|iPhone
		{A2A8108C-26D0-4887-A975-816138D9E6CD}.Ad-Hoc|iPhone.ActiveCfg = Ad-Hoc|iPhone
		{A2A8108C-26D0-4887-A975-816138D9E6CD}.Ad-Hoc|iPhone.Build.0 = Ad-Hoc|iPhone
		{A2A8108C-26D0-4887-A975-816138D9E6CD}.Ad-Hoc|iPhoneSimulator.ActiveCfg = Ad-Hoc|iPhoneSimulator
		{A2A8108C-26D0-4887-A975-816138D9E6CD}.Ad-Hoc|iPhoneSimulator.Build.0 = Ad-Hoc|iPhoneSimulator
		{A2A8108C-26D0-4887-A975-816138D9E6CD}.Ad-Hoc|x64.ActiveCfg = Ad-Hoc|iPhone
		{A2A8108C-26D0-4887-A975-816138D9E6CD}.Ad-Hoc|x86.ActiveCfg = Ad-Hoc|iPhone
		{A2A8108C-26D0-4887-A975-816138D9E6CD}.AppStore|Any CPU.ActiveCfg = AppStore|iPhoneSimulator
		{A2A8108C-26D0-4887-A975-816138D9E6CD}.AppStore|ARM.ActiveCfg = AppStore|iPhone
		{A2A8108C-26D0-4887-A975-816138D9E6CD}.AppStore|iPhone.ActiveCfg = AppStore|iPhone
		{A2A8108C-26D0-4887-A975-816138D9E6CD}.AppStore|iPhone.Build.0 = AppStore|iPhone
		{A2A8108C-26D0-4887-A975-816138D9E6CD}.AppStore|iPhoneSimulator.ActiveCfg = AppStore|iPhoneSimulator
		{A2A8108C-26D0-4887-A975-816138D9E6CD}.AppStore|iPhoneSimulator.Build.0 = AppStore|iPhoneSimulator
		{A2A8108C-26D0-4887-A975-816138D9E6CD}.AppStore|x64.ActiveCfg = AppStore|iPhone
		{A2A8108C-26D0-4887-A975-816138D9E6CD}.AppStore|x86.ActiveCfg = AppStore|iPhone
		{A2A8108C-26D0-4887-A975-816138D9E6CD}.Debug|Any CPU.ActiveCfg = Debug|iPhoneSimulator
		{A2A8108C-26D0-4887-A975-816138D9E6CD}.Debug|ARM.ActiveCfg = Debug|iPhone
		{A2A8108C-26D0-4887-A975-816138D9E6CD}.Debug|iPhone.ActiveCfg = Debug|iPhone
		{A2A8108C-26D0-4887-A975-816138D9E6CD}.Debug|iPhone.Build.0 = Debug|iPhone
		{A2A8108C-26D0-4887-A975-816138D9E6CD}.Debug|iPhoneSimulator.ActiveCfg = Debug|iPhoneSimulator
		{A2A8108C-26D0-4887-A975-816138D9E6CD}.Debug|iPhoneSimulator.Build.0 = Debug|iPhoneSimulator
		{A2A8108C-26D0-4887-A975-816138D9E6CD}.Debug|x64.ActiveCfg = Debug|iPhone
		{A2A8108C-26D0-4887-A975-816138D9E6CD}.Debug|x86.ActiveCfg = Debug|iPhone
		{A2A8108C-26D0-4887-A975-816138D9E6CD}.Release|Any CPU.ActiveCfg = Release|iPhoneSimulator
		{A2A8108C-26D0-4887-A975-816138D9E6CD}.Release|ARM.ActiveCfg = Release|iPhone
		{A2A8108C-26D0-4887-A975-816138D9E6CD}.Release|iPhone.ActiveCfg = Release|iPhone
		{A2A8108C-26D0-4887-A975-816138D9E6CD}.Release|iPhone.Build.0 = Release|iPhone
		{A2A8108C-26D0-4887-A975-816138D9E6CD}.Release|iPhoneSimulator.ActiveCfg = Release|iPhoneSimulator
		{A2A8108C-26D0-4887-A975-816138D9E6CD}.Release|iPhoneSimulator.Build.0 = Release|iPhoneSimulator
		{A2A8108C-26D0-4887-A975-816138D9E6CD}.Release|x64.ActiveCfg = Release|iPhone
		{A2A8108C-26D0-4887-A975-816138D9E6CD}.Release|x86.ActiveCfg = Release|iPhone
	EndGlobalSection
	GlobalSection(SolutionProperties) = preSolution
		HideSolutionNode = FALSE
	EndGlobalSection
	GlobalSection(ExtensibilityGlobals) = postSolution
		SolutionGuid = {CDE4E05F-D18C-42B8-BFD2-7D7224CEFA37}
	EndGlobalSection
EndGlobal
